
Microsoft Visual Studio Solution File, Format Version 12.00
# Visual Studio Version 17
VisualStudioVersion = 17.1.32210.238
MinimumVisualStudioVersion = 10.0.40219.1
Project("{9A19103F-16F7-4668-BE54-9A1E7A4F7556}") = "LibreriaVaxi", "LibreriaVaxi\LibreriaVaxi.csproj", "{FAC1F962-685B-4002-AC4F-7B2B63BB1486}"
EndProject
Project("{9A19103F-16F7-4668-BE54-9A1E7A4F7556}") = "LibreriaVaxiMSTest", "LibreriaVaxiMSTest\LibreriaVaxiMSTest.csproj", "{9AD82FC1-0ACA-41FC-9D92-F2283AE63FE5}"
EndProject
Project("{9A19103F-16F7-4668-BE54-9A1E7A4F7556}") = "LibreriaVaxiNUnitTest", "LibreriaVaxiNUnitTest\LibreriaVaxiNUnitTest.csproj", "{072DB2B0-22EB-44B8-BE45-45A81B7EA3D5}"
EndProject
Project("{FAE04EC0-301F-11D3-BF4B-00C04F79EFBC}") = "LibreriaVaxiXUnit", "LibreriaVaxiXUnit\LibreriaVaxiXUnit.csproj", "{B7A97C60-9F57-4F89-991D-0A8BEA2C1019}"
EndProject
Global
	GlobalSection(SolutionConfigurationPlatforms) = preSolution
		Debug|Any CPU = Debug|Any CPU
		Release|Any CPU = Release|Any CPU
	EndGlobalSection
	GlobalSection(ProjectConfigurationPlatforms) = postSolution
		{FAC1F962-685B-4002-AC4F-7B2B63BB1486}.Debug|Any CPU.ActiveCfg = Debug|Any CPU
		{FAC1F962-685B-4002-AC4F-7B2B63BB1486}.Debug|Any CPU.Build.0 = Debug|Any CPU
		{FAC1F962-685B-4002-AC4F-7B2B63BB1486}.Release|Any CPU.ActiveCfg = Release|Any CPU
		{FAC1F962-685B-4002-AC4F-7B2B63BB1486}.Release|Any CPU.Build.0 = Release|Any CPU
		{9AD82FC1-0ACA-41FC-9D92-F2283AE63FE5}.Debug|Any CPU.ActiveCfg = Debug|Any CPU
		{9AD82FC1-0ACA-41FC-9D92-F2283AE63FE5}.Debug|Any CPU.Build.0 = Debug|Any CPU
		{9AD82FC1-0ACA-41FC-9D92-F2283AE63FE5}.Release|Any CPU.ActiveCfg = Release|Any CPU
		{9AD82FC1-0ACA-41FC-9D92-F2283AE63FE5}.Release|Any CPU.Build.0 = Release|Any CPU
		{072DB2B0-22EB-44B8-BE45-45A81B7EA3D5}.Debug|Any CPU.ActiveCfg = Debug|Any CPU
		{072DB2B0-22EB-44B8-BE45-45A81B7EA3D5}.Debug|Any CPU.Build.0 = Debug|Any CPU
		{072DB2B0-22EB-44B8-BE45-45A81B7EA3D5}.Release|Any CPU.ActiveCfg = Release|Any CPU
		{072DB2B0-22EB-44B8-BE45-45A81B7EA3D5}.Release|Any CPU.Build.0 = Release|Any CPU
		{B7A97C60-9F57-4F89-991D-0A8BEA2C1019}.Debug|Any CPU.ActiveCfg = Debug|Any CPU
		{B7A97C60-9F57-4F89-991D-0A8BEA2C1019}.Debug|Any CPU.Build.0 = Debug|Any CPU
		{B7A97C60-9F57-4F89-991D-0A8BEA2C1019}.Release|Any CPU.ActiveCfg = Release|Any CPU
		{B7A97C60-9F57-4F89-991D-0A8BEA2C1019}.Release|Any CPU.Build.0 = Release|Any CPU
	EndGlobalSection
	GlobalSection(SolutionProperties) = preSolution
		HideSolutionNode = FALSE
	EndGlobalSection
	GlobalSection(ExtensibilityGlobals) = postSolution
		SolutionGuid = {EA2B67EF-CD94-49FC-BFF4-5C4FEC3FAD67}
	EndGlobalSection
EndGlobal
