
Microsoft Visual Studio Solution File, Format Version 12.00
# Visual Studio Version 17
VisualStudioVersion = 17.0.31612.314
MinimumVisualStudioVersion = 10.0.40219.1
Project("{9A19103F-16F7-4668-BE54-9A1E7A4F7556}") = "Education.Domain", "Education.Domain\Education.Domain.csproj", "{BD36FDCE-5183-4795-B3AA-A76981D59EE9}"
EndProject
Project("{9A19103F-16F7-4668-BE54-9A1E7A4F7556}") = "Education.Persistence", "Education.Persistence\Education.Persistence.csproj", "{D8B7EF97-496D-483B-A9F7-8B09B719F485}"
EndProject
Project("{9A19103F-16F7-4668-BE54-9A1E7A4F7556}") = "Education.Application", "Education.Application\Education.Application.csproj", "{727C8B6C-2A27-4884-B01E-BCECBF441C2D}"
EndProject
Project("{9A19103F-16F7-4668-BE54-9A1E7A4F7556}") = "Education.Api", "Education.Api\Education.Api.csproj", "{FD132DEC-7C84-47DE-9A79-582BBE5A06D4}"
EndProject
Project("{FAE04EC0-301F-11D3-BF4B-00C04F79EFBC}") = "Education.Application.NUnitTests", "Education.Application.NUnitTests\Education.Application.NUnitTests.csproj", "{5E8BB969-C1D4-4DBC-8F37-D4F806C3381F}"
EndProject
Global
	GlobalSection(SolutionConfigurationPlatforms) = preSolution
		Debug|Any CPU = Debug|Any CPU
		Release|Any CPU = Release|Any CPU
	EndGlobalSection
	GlobalSection(ProjectConfigurationPlatforms) = postSolution
		{BD36FDCE-5183-4795-B3AA-A76981D59EE9}.Debug|Any CPU.ActiveCfg = Debug|Any CPU
		{BD36FDCE-5183-4795-B3AA-A76981D59EE9}.Debug|Any CPU.Build.0 = Debug|Any CPU
		{BD36FDCE-5183-4795-B3AA-A76981D59EE9}.Release|Any CPU.ActiveCfg = Release|Any CPU
		{BD36FDCE-5183-4795-B3AA-A76981D59EE9}.Release|Any CPU.Build.0 = Release|Any CPU
		{D8B7EF97-496D-483B-A9F7-8B09B719F485}.Debug|Any CPU.ActiveCfg = Debug|Any CPU
		{D8B7EF97-496D-483B-A9F7-8B09B719F485}.Debug|Any CPU.Build.0 = Debug|Any CPU
		{D8B7EF97-496D-483B-A9F7-8B09B719F485}.Release|Any CPU.ActiveCfg = Release|Any CPU
		{D8B7EF97-496D-483B-A9F7-8B09B719F485}.Release|Any CPU.Build.0 = Release|Any CPU
		{727C8B6C-2A27-4884-B01E-BCECBF441C2D}.Debug|Any CPU.ActiveCfg = Debug|Any CPU
		{727C8B6C-2A27-4884-B01E-BCECBF441C2D}.Debug|Any CPU.Build.0 = Debug|Any CPU
		{727C8B6C-2A27-4884-B01E-BCECBF441C2D}.Release|Any CPU.ActiveCfg = Release|Any CPU
		{727C8B6C-2A27-4884-B01E-BCECBF441C2D}.Release|Any CPU.Build.0 = Release|Any CPU
		{FD132DEC-7C84-47DE-9A79-582BBE5A06D4}.Debug|Any CPU.ActiveCfg = Debug|Any CPU
		{FD132DEC-7C84-47DE-9A79-582BBE5A06D4}.Debug|Any CPU.Build.0 = Debug|Any CPU
		{FD132DEC-7C84-47DE-9A79-582BBE5A06D4}.Release|Any CPU.ActiveCfg = Release|Any CPU
		{FD132DEC-7C84-47DE-9A79-582BBE5A06D4}.Release|Any CPU.Build.0 = Release|Any CPU
		{5E8BB969-C1D4-4DBC-8F37-D4F806C3381F}.Debug|Any CPU.ActiveCfg = Debug|Any CPU
		{5E8BB969-C1D4-4DBC-8F37-D4F806C3381F}.Debug|Any CPU.Build.0 = Debug|Any CPU
		{5E8BB969-C1D4-4DBC-8F37-D4F806C3381F}.Release|Any CPU.ActiveCfg = Release|Any CPU
		{5E8BB969-C1D4-4DBC-8F37-D4F806C3381F}.Release|Any CPU.Build.0 = Release|Any CPU
	EndGlobalSection
	GlobalSection(SolutionProperties) = preSolution
		HideSolutionNode = FALSE
	EndGlobalSection
	GlobalSection(ExtensibilityGlobals) = postSolution
		SolutionGuid = {B79FC5EF-668A-455B-8996-2EA117360F3B}
	EndGlobalSection
EndGlobal
